// !$*UTF8*$!
{
	archiveVersion = 1;
	classes = {
	};
	objectVersion = 46;
	objects = {

/* Begin PBXFileReference section */
		407B0FF921EE428B006516E8 /* 00.png */ = {isa = PBXFileReference; lastKnownFileType = image.png; path = 00.png; sourceTree = "<group>"; };
		407B0FFA21EE428B006516E8 /* 00.txt */ = {isa = PBXFileReference; lastKnownFileType = text; path = 00.txt; sourceTree = "<group>"; };
		407B0FFB21EE428B006516E8 /* 01.png */ = {isa = PBXFileReference; lastKnownFileType = image.png; path = 01.png; sourceTree = "<group>"; };
		407B0FFC21EE428B006516E8 /* 01.txt */ = {isa = PBXFileReference; lastKnownFileType = text; path = 01.txt; sourceTree = "<group>"; };
		407B0FFD21EE428B006516E8 /* 02.png */ = {isa = PBXFileReference; lastKnownFileType = image.png; path = 02.png; sourceTree = "<group>"; };
		407B0FFE21EE428B006516E8 /* 02.txt */ = {isa = PBXFileReference; lastKnownFileType = text; path = 02.txt; sourceTree = "<group>"; };
		407B0FFF21EE428B006516E8 /* 03.png */ = {isa = PBXFileReference; lastKnownFileType = image.png; path = 03.png; sourceTree = "<group>"; };
		407B100021EE428B006516E8 /* 03.txt */ = {isa = PBXFileReference; lastKnownFileType = text; path = 03.txt; sourceTree = "<group>"; };
		407B100121EE428B006516E8 /* 04.png */ = {isa = PBXFileReference; lastKnownFileType = image.png; path = 04.png; sourceTree = "<group>"; };
		407B100221EE428B006516E8 /* 04.txt */ = {isa = PBXFileReference; lastKnownFileType = text; path = 04.txt; sourceTree = "<group>"; };
		407B100321EE428B006516E8 /* 05.png */ = {isa = PBXFileReference; lastKnownFileType = image.png; path = 05.png; sourceTree = "<group>"; };
		407B100421EE428B006516E8 /* 05.txt */ = {isa = PBXFileReference; lastKnownFileType = text; path = 05.txt; sourceTree = "<group>"; };
		407B100521EE428B006516E8 /* 06.png */ = {isa = PBXFileReference; lastKnownFileType = image.png; path = 06.png; sourceTree = "<group>"; };
		407B100621EE428B006516E8 /* 06.txt */ = {isa = PBXFileReference; lastKnownFileType = text; path = 06.txt; sourceTree = "<group>"; };
		407B100721EE428B006516E8 /* 07.png */ = {isa = PBXFileReference; lastKnownFileType = image.png; path = 07.png; sourceTree = "<group>"; };
		407B100821EE428B006516E8 /* 07.txt */ = {isa = PBXFileReference; lastKnownFileType = text; path = 07.txt; sourceTree = "<group>"; };
		407B100921EE428B006516E8 /* 08.png */ = {isa = PBXFileReference; lastKnownFileType = image.png; path = 08.png; sourceTree = "<group>"; };
		407B100A21EE428B006516E8 /* 08.txt */ = {isa = PBXFileReference; lastKnownFileType = text; path = 08.txt; sourceTree = "<group>"; };
		407B100B21EE428B006516E8 /* 09.png */ = {isa = PBXFileReference; lastKnownFileType = image.png; path = 09.png; sourceTree = "<group>"; };
		407B100C21EE428B006516E8 /* 09.txt */ = {isa = PBXFileReference; lastKnownFileType = text; path = 09.txt; sourceTree = "<group>"; };
		407B100D21EE428B006516E8 /* 10.png */ = {isa = PBXFileReference; lastKnownFileType = image.png; path = 10.png; sourceTree = "<group>"; };
		407B100E21EE428B006516E8 /* 10.txt */ = {isa = PBXFileReference; lastKnownFileType = text; path = 10.txt; sourceTree = "<group>"; };
		407B100F21EE428B006516E8 /* 11.png */ = {isa = PBXFileReference; lastKnownFileType = image.png; path = 11.png; sourceTree = "<group>"; };
		407B101021EE428B006516E8 /* 11.txt */ = {isa = PBXFileReference; lastKnownFileType = text; path = 11.txt; sourceTree = "<group>"; };
		407B101121EE428B006516E8 /* 12.png */ = {isa = PBXFileReference; lastKnownFileType = image.png; path = 12.png; sourceTree = "<group>"; };
		407B101221EE428B006516E8 /* 12.txt */ = {isa = PBXFileReference; lastKnownFileType = text; path = 12.txt; sourceTree = "<group>"; };
		407B101321EE428B006516E8 /* 13.png */ = {isa = PBXFileReference; lastKnownFileType = image.png; path = 13.png; sourceTree = "<group>"; };
		407B101421EE428B006516E8 /* 13.txt */ = {isa = PBXFileReference; lastKnownFileType = text; path = 13.txt; sourceTree = "<group>"; };
		407B101521EE428B006516E8 /* 14.png */ = {isa = PBXFileReference; lastKnownFileType = image.png; path = 14.png; sourceTree = "<group>"; };
		407B101621EE428B006516E8 /* 14.txt */ = {isa = PBXFileReference; lastKnownFileType = text; path = 14.txt; sourceTree = "<group>"; };
		407B101721EE428B006516E8 /* 15.png */ = {isa = PBXFileReference; lastKnownFileType = image.png; path = 15.png; sourceTree = "<group>"; };
		407B101821EE428B006516E8 /* 15.txt */ = {isa = PBXFileReference; lastKnownFileType = text; path = 15.txt; sourceTree = "<group>"; };
		407B101921EE428B006516E8 /* 16.png */ = {isa = PBXFileReference; lastKnownFileType = image.png; path = 16.png; sourceTree = "<group>"; };
		407B101A21EE428B006516E8 /* 16.txt */ = {isa = PBXFileReference; lastKnownFileType = text; path = 16.txt; sourceTree = "<group>"; };
		407B101B21EE428B006516E8 /* 17.png */ = {isa = PBXFileReference; lastKnownFileType = image.png; path = 17.png; sourceTree = "<group>"; };
		407B101C21EE428B006516E8 /* 17.txt */ = {isa = PBXFileReference; lastKnownFileType = text; path = 17.txt; sourceTree = "<group>"; };
		407B101D21EE428B006516E8 /* 18.png */ = {isa = PBXFileReference; lastKnownFileType = image.png; path = 18.png; sourceTree = "<group>"; };
		407B101E21EE428B006516E8 /* 18.txt */ = {isa = PBXFileReference; lastKnownFileType = text; path = 18.txt; sourceTree = "<group>"; };
		407B101F21EE428B006516E8 /* 19.png */ = {isa = PBXFileReference; lastKnownFileType = image.png; path = 19.png; sourceTree = "<group>"; };
		407B102021EE428B006516E8 /* 19.txt */ = {isa = PBXFileReference; lastKnownFileType = text; path = 19.txt; sourceTree = "<group>"; };
		407B102121EE428B006516E8 /* 20.png */ = {isa = PBXFileReference; lastKnownFileType = image.png; path = 20.png; sourceTree = "<group>"; };
		407B102221EE428B006516E8 /* 20.txt */ = {isa = PBXFileReference; lastKnownFileType = text; path = 20.txt; sourceTree = "<group>"; };
		407B102321EE428B006516E8 /* 21.png */ = {isa = PBXFileReference; lastKnownFileType = image.png; path = 21.png; sourceTree = "<group>"; };
		407B102421EE428B006516E8 /* 21.txt */ = {isa = PBXFileReference; lastKnownFileType = text; path = 21.txt; sourceTree = "<group>"; };
		407B102521EE428B006516E8 /* 22.png */ = {isa = PBXFileReference; lastKnownFileType = image.png; path = 22.png; sourceTree = "<group>"; };
		407B102621EE428B006516E8 /* 22.txt */ = {isa = PBXFileReference; lastKnownFileType = text; path = 22.txt; sourceTree = "<group>"; };
		407B102721EE428B006516E8 /* 23.png */ = {isa = PBXFileReference; lastKnownFileType = image.png; path = 23.png; sourceTree = "<group>"; };
		407B102821EE428B006516E8 /* 23.txt */ = {isa = PBXFileReference; lastKnownFileType = text; path = 23.txt; sourceTree = "<group>"; };
		407B102921EE428B006516E8 /* 24.png */ = {isa = PBXFileReference; lastKnownFileType = image.png; path = 24.png; sourceTree = "<group>"; };
		407B102A21EE428B006516E8 /* 24.txt */ = {isa = PBXFileReference; lastKnownFileType = text; path = 24.txt; sourceTree = "<group>"; };
		407B102B21EE428B006516E8 /* 25.png */ = {isa = PBXFileReference; lastKnownFileType = image.png; path = 25.png; sourceTree = "<group>"; };
		407B102C21EE428B006516E8 /* 25.txt */ = {isa = PBXFileReference; lastKnownFileType = text; path = 25.txt; sourceTree = "<group>"; };
		407B102D21EE428B006516E8 /* 26.png */ = {isa = PBXFileReference; lastKnownFileType = image.png; path = 26.png; sourceTree = "<group>"; };
		407B102E21EE428B006516E8 /* 26.txt */ = {isa = PBXFileReference; lastKnownFileType = text; path = 26.txt; sourceTree = "<group>"; };
		407B102F21EE428B006516E8 /* 27.png */ = {isa = PBXFileReference; lastKnownFileType = image.png; path = 27.png; sourceTree = "<group>"; };
		407B103021EE428B006516E8 /* 27.txt */ = {isa = PBXFileReference; lastKnownFileType = text; path = 27.txt; sourceTree = "<group>"; };
		407B103121EE428B006516E8 /* 28.png */ = {isa = PBXFileReference; lastKnownFileType = image.png; path = 28.png; sourceTree = "<group>"; };
		407B103221EE428B006516E8 /* 28.txt */ = {isa = PBXFileReference; lastKnownFileType = text; path = 28.txt; sourceTree = "<group>"; };
		407B103321EE428B006516E8 /* 29.png */ = {isa = PBXFileReference; lastKnownFileType = image.png; path = 29.png; sourceTree = "<group>"; };
		407B103421EE428B006516E8 /* 29.txt */ = {isa = PBXFileReference; lastKnownFileType = text; path = 29.txt; sourceTree = "<group>"; };
		407B103521EE428B006516E8 /* bounding_box.h */ = {isa = PBXFileReference; lastKnownFileType = sourcecode.c.h; path = bounding_box.h; sourceTree = "<group>"; };
		407B103621EE428B006516E8 /* box.cpp */ = {isa = PBXFileReference; lastKnownFileType = sourcecode.cpp.cpp; path = box.cpp; sourceTree = "<group>"; };
		407B103721EE428B006516E8 /* box.h */ = {isa = PBXFileReference; lastKnownFileType = sourcecode.c.h; path = box.h; sourceTree = "<group>"; };
		407B103821EE428B006516E8 /* bunny.obj */ = {isa = PBXFileReference; lastKnownFileType = text; path = bunny.obj; sourceTree = "<group>"; };
		407B103921EE428B006516E8 /* camera.cpp */ = {isa = PBXFileReference; lastKnownFileType = sourcecode.cpp.cpp; path = camera.cpp; sourceTree = "<group>"; };
		407B103A21EE428B006516E8 /* camera.h */ = {isa = PBXFileReference; lastKnownFileType = sourcecode.c.h; path = camera.h; sourceTree = "<group>"; };
		407B103B21EE428B006516E8 /* CMakeLists.txt */ = {isa = PBXFileReference; lastKnownFileType = text; path = CMakeLists.txt; sourceTree = "<group>"; };
		407B103C21EE428B006516E8 /* cow.obj */ = {isa = PBXFileReference; lastKnownFileType = text; path = cow.obj; sourceTree = "<group>"; };
		407B103D21EE428B006516E8 /* direction_light.h */ = {isa = PBXFileReference; lastKnownFileType = sourcecode.c.h; path = direction_light.h; sourceTree = "<group>"; };
		407B103E21EE428B006516E8 /* dump_png.cpp */ = {isa = PBXFileReference; lastKnownFileType = sourcecode.cpp.cpp; path = dump_png.cpp; sourceTree = "<group>"; };
		407B103F21EE428B006516E8 /* flat_shader.cpp */ = {isa = PBXFileReference; lastKnownFileType = sourcecode.cpp.cpp; path = flat_shader.cpp; sourceTree = "<group>"; };
		407B104021EE428B006516E8 /* flat_shader.h */ = {isa = PBXFileReference; lastKnownFileType = sourcecode.c.h; path = flat_shader.h; sourceTree = "<group>"; };
		407B104121EE428B006516E8 /* grading-scheme.txt */ = {isa = PBXFileReference; lastKnownFileType = text; path = "grading-scheme.txt"; sourceTree = "<group>"; };
		407B104221EE428B006516E8 /* grading-script.py */ = {isa = PBXFileReference; lastKnownFileType = text.script.python; path = "grading-script.py"; sourceTree = "<group>"; };
		407B104321EE428B006516E8 /* hedron.obj */ = {isa = PBXFileReference; lastKnownFileType = text; path = hedron.obj; sourceTree = "<group>"; };
		407B104421EE428B006516E8 /* hierarchy.cpp */ = {isa = PBXFileReference; lastKnownFileType = sourcecode.cpp.cpp; path = hierarchy.cpp; sourceTree = "<group>"; };
		407B104521EE428B006516E8 /* hierarchy.h */ = {isa = PBXFileReference; lastKnownFileType = sourcecode.c.h; path = hierarchy.h; sourceTree = "<group>"; };
		407B104621EE428B006516E8 /* light.h */ = {isa = PBXFileReference; lastKnownFileType = sourcecode.c.h; path = light.h; sourceTree = "<group>"; };
		407B104721EE428B006516E8 /* main.cpp */ = {isa = PBXFileReference; lastKnownFileType = sourcecode.cpp.cpp; path = main.cpp; sourceTree = "<group>"; };
		407B104821EE428B006516E8 /* mesh.cpp */ = {isa = PBXFileReference; lastKnownFileType = sourcecode.cpp.cpp; path = mesh.cpp; sourceTree = "<group>"; };
		407B104921EE428B006516E8 /* mesh.h */ = {isa = PBXFileReference; lastKnownFileType = sourcecode.c.h; path = mesh.h; sourceTree = "<group>"; };
		407B104A21EE428B006516E8 /* misc.h */ = {isa = PBXFileReference; lastKnownFileType = sourcecode.c.h; path = misc.h; sourceTree = "<group>"; };
		407B104B21EE428B006516E8 /* object.h */ = {isa = PBXFileReference; lastKnownFileType = sourcecode.c.h; path = object.h; sourceTree = "<group>"; };
		407B104C21EE428B006516E8 /* parse.cpp */ = {isa = PBXFileReference; lastKnownFileType = sourcecode.cpp.cpp; path = parse.cpp; sourceTree = "<group>"; };
		407B104D21EE428B006516E8 /* phong_shader.cpp */ = {isa = PBXFileReference; lastKnownFileType = sourcecode.cpp.cpp; path = phong_shader.cpp; sourceTree = "<group>"; };
		407B104E21EE428B006516E8 /* phong_shader.h */ = {isa = PBXFileReference; lastKnownFileType = sourcecode.c.h; path = phong_shader.h; sourceTree = "<group>"; };
		407B104F21EE428B006516E8 /* plane.cpp */ = {isa = PBXFileReference; lastKnownFileType = sourcecode.cpp.cpp; path = plane.cpp; sourceTree = "<group>"; };
		407B105021EE428B006516E8 /* plane.h */ = {isa = PBXFileReference; lastKnownFileType = sourcecode.c.h; path = plane.h; sourceTree = "<group>"; };
		407B105121EE428B006516E8 /* point_light.h */ = {isa = PBXFileReference; lastKnownFileType = sourcecode.c.h; path = point_light.h; sourceTree = "<group>"; };
		407B105221EE428B006516E8 /* ray.h */ = {isa = PBXFileReference; lastKnownFileType = sourcecode.c.h; path = ray.h; sourceTree = "<group>"; };
		407B105321EE428B006516E8 /* reflective_shader.cpp */ = {isa = PBXFileReference; lastKnownFileType = sourcecode.cpp.cpp; path = reflective_shader.cpp; sourceTree = "<group>"; };
		407B105421EE428B006516E8 /* reflective_shader.h */ = {isa = PBXFileReference; lastKnownFileType = sourcecode.c.h; path = reflective_shader.h; sourceTree = "<group>"; };
		407B105521EE428B006516E8 /* render_world.cpp */ = {isa = PBXFileReference; lastKnownFileType = sourcecode.cpp.cpp; path = render_world.cpp; sourceTree = "<group>"; };
		407B105621EE428B006516E8 /* render_world.h */ = {isa = PBXFileReference; lastKnownFileType = sourcecode.c.h; path = render_world.h; sourceTree = "<group>"; };
		407B105721EE428B006516E8 /* SConstruct */ = {isa = PBXFileReference; lastKnownFileType = text; path = SConstruct; sourceTree = "<group>"; };
		407B105821EE428B006516E8 /* shader.h */ = {isa = PBXFileReference; lastKnownFileType = sourcecode.c.h; path = shader.h; sourceTree = "<group>"; };
		407B105921EE428B006516E8 /* sphere.cpp */ = {isa = PBXFileReference; lastKnownFileType = sourcecode.cpp.cpp; path = sphere.cpp; sourceTree = "<group>"; };
		407B105A21EE428B006516E8 /* sphere.h */ = {isa = PBXFileReference; lastKnownFileType = sourcecode.c.h; path = sphere.h; sourceTree = "<group>"; };
		407B105B21EE428B006516E8 /* sphere.obj */ = {isa = PBXFileReference; lastKnownFileType = text; path = sphere.obj; sourceTree = "<group>"; };
		407B105C21EE428B006516E8 /* spot_light.h */ = {isa = PBXFileReference; lastKnownFileType = sourcecode.c.h; path = spot_light.h; sourceTree = "<group>"; };
		407B105D21EE428B006516E8 /* tri.obj */ = {isa = PBXFileReference; lastKnownFileType = text; path = tri.obj; sourceTree = "<group>"; };
		407B105E21EE428B006516E8 /* vec.h */ = {isa = PBXFileReference; lastKnownFileType = sourcecode.c.h; path = vec.h; sourceTree = "<group>"; };
/* End PBXFileReference section */

/* Begin PBXGroup section */
		407B0FF221EE4268006516E8 = {
			isa = PBXGroup;
			children = (
				407B0FF921EE428B006516E8 /* 00.png */,
				407B0FFA21EE428B006516E8 /* 00.txt */,
				407B0FFB21EE428B006516E8 /* 01.png */,
				407B0FFC21EE428B006516E8 /* 01.txt */,
				407B0FFD21EE428B006516E8 /* 02.png */,
				407B0FFE21EE428B006516E8 /* 02.txt */,
				407B0FFF21EE428B006516E8 /* 03.png */,
				407B100021EE428B006516E8 /* 03.txt */,
				407B100121EE428B006516E8 /* 04.png */,
				407B100221EE428B006516E8 /* 04.txt */,
				407B100321EE428B006516E8 /* 05.png */,
				407B100421EE428B006516E8 /* 05.txt */,
				407B100521EE428B006516E8 /* 06.png */,
				407B100621EE428B006516E8 /* 06.txt */,
				407B100721EE428B006516E8 /* 07.png */,
				407B100821EE428B006516E8 /* 07.txt */,
				407B100921EE428B006516E8 /* 08.png */,
				407B100A21EE428B006516E8 /* 08.txt */,
				407B100B21EE428B006516E8 /* 09.png */,
				407B100C21EE428B006516E8 /* 09.txt */,
				407B100D21EE428B006516E8 /* 10.png */,
				407B100E21EE428B006516E8 /* 10.txt */,
				407B100F21EE428B006516E8 /* 11.png */,
				407B101021EE428B006516E8 /* 11.txt */,
				407B101121EE428B006516E8 /* 12.png */,
				407B101221EE428B006516E8 /* 12.txt */,
				407B101321EE428B006516E8 /* 13.png */,
				407B101421EE428B006516E8 /* 13.txt */,
				407B101521EE428B006516E8 /* 14.png */,
				407B101621EE428B006516E8 /* 14.txt */,
				407B101721EE428B006516E8 /* 15.png */,
				407B101821EE428B006516E8 /* 15.txt */,
				407B101921EE428B006516E8 /* 16.png */,
				407B101A21EE428B006516E8 /* 16.txt */,
				407B101B21EE428B006516E8 /* 17.png */,
				407B101C21EE428B006516E8 /* 17.txt */,
				407B101D21EE428B006516E8 /* 18.png */,
				407B101E21EE428B006516E8 /* 18.txt */,
				407B101F21EE428B006516E8 /* 19.png */,
				407B102021EE428B006516E8 /* 19.txt */,
				407B102121EE428B006516E8 /* 20.png */,
				407B102221EE428B006516E8 /* 20.txt */,
				407B102321EE428B006516E8 /* 21.png */,
				407B102421EE428B006516E8 /* 21.txt */,
				407B102521EE428B006516E8 /* 22.png */,
				407B102621EE428B006516E8 /* 22.txt */,
				407B102721EE428B006516E8 /* 23.png */,
				407B102821EE428B006516E8 /* 23.txt */,
				407B102921EE428B006516E8 /* 24.png */,
				407B102A21EE428B006516E8 /* 24.txt */,
				407B102B21EE428B006516E8 /* 25.png */,
				407B102C21EE428B006516E8 /* 25.txt */,
				407B102D21EE428B006516E8 /* 26.png */,
				407B102E21EE428B006516E8 /* 26.txt */,
				407B102F21EE428B006516E8 /* 27.png */,
				407B103021EE428B006516E8 /* 27.txt */,
				407B103121EE428B006516E8 /* 28.png */,
				407B103221EE428B006516E8 /* 28.txt */,
				407B103321EE428B006516E8 /* 29.png */,
				407B103421EE428B006516E8 /* 29.txt */,
				407B103521EE428B006516E8 /* bounding_box.h */,
				407B103621EE428B006516E8 /* box.cpp */,
				407B103721EE428B006516E8 /* box.h */,
				407B103821EE428B006516E8 /* bunny.obj */,
				407B103921EE428B006516E8 /* camera.cpp */,
				407B103A21EE428B006516E8 /* camera.h */,
				407B103B21EE428B006516E8 /* CMakeLists.txt */,
				407B103C21EE428B006516E8 /* cow.obj */,
				407B103D21EE428B006516E8 /* direction_light.h */,
				407B103E21EE428B006516E8 /* dump_png.cpp */,
				407B103F21EE428B006516E8 /* flat_shader.cpp */,
				407B104021EE428B006516E8 /* flat_shader.h */,
				407B104121EE428B006516E8 /* grading-scheme.txt */,
				407B104221EE428B006516E8 /* grading-script.py */,
				407B104321EE428B006516E8 /* hedron.obj */,
				407B104421EE428B006516E8 /* hierarchy.cpp */,
				407B104521EE428B006516E8 /* hierarchy.h */,
				407B104621EE428B006516E8 /* light.h */,
				407B104721EE428B006516E8 /* main.cpp */,
				407B104821EE428B006516E8 /* mesh.cpp */,
				407B104921EE428B006516E8 /* mesh.h */,
				407B104A21EE428B006516E8 /* misc.h */,
				407B104B21EE428B006516E8 /* object.h */,
				407B104C21EE428B006516E8 /* parse.cpp */,
				407B104D21EE428B006516E8 /* phong_shader.cpp */,
				407B104E21EE428B006516E8 /* phong_shader.h */,
				407B104F21EE428B006516E8 /* plane.cpp */,
				407B105021EE428B006516E8 /* plane.h */,
				407B105121EE428B006516E8 /* point_light.h */,
				407B105221EE428B006516E8 /* ray.h */,
				407B105321EE428B006516E8 /* reflective_shader.cpp */,
				407B105421EE428B006516E8 /* reflective_shader.h */,
				407B105521EE428B006516E8 /* render_world.cpp */,
				407B105621EE428B006516E8 /* render_world.h */,
				407B105721EE428B006516E8 /* SConstruct */,
				407B105821EE428B006516E8 /* shader.h */,
				407B105921EE428B006516E8 /* sphere.cpp */,
				407B105A21EE428B006516E8 /* sphere.h */,
				407B105B21EE428B006516E8 /* sphere.obj */,
				407B105C21EE428B006516E8 /* spot_light.h */,
				407B105D21EE428B006516E8 /* tri.obj */,
				407B105E21EE428B006516E8 /* vec.h */,
			);
			sourceTree = "<group>";
		};
/* End PBXGroup section */

/* Begin PBXProject section */
		407B0FF321EE4268006516E8 /* Project object */ = {
			isa = PBXProject;
			attributes = {
				LastUpgradeCheck = 0810;
			};
			buildConfigurationList = 407B0FF621EE4268006516E8 /* Build configuration list for PBXProject "Ray_Tracer" */;
			compatibilityVersion = "Xcode 3.2";
			developmentRegion = English;
			hasScannedForEncodings = 0;
			knownRegions = (
				en,
			);
			mainGroup = 407B0FF221EE4268006516E8;
			projectDirPath = "";
			projectRoot = "";
			targets = (
			);
		};
/* End PBXProject section */

/* Begin XCBuildConfiguration section */
		407B0FF721EE4268006516E8 /* Debug */ = {
			isa = XCBuildConfiguration;
			buildSettings = {
			};
			name = Debug;
		};
		407B0FF821EE4268006516E8 /* Release */ = {
			isa = XCBuildConfiguration;
			buildSettings = {
			};
			name = Release;
		};
/* End XCBuildConfiguration section */

/* Begin XCConfigurationList section */
		407B0FF621EE4268006516E8 /* Build configuration list for PBXProject "Ray_Tracer" */ = {
			isa = XCConfigurationList;
			buildConfigurations = (
				407B0FF721EE4268006516E8 /* Debug */,
				407B0FF821EE4268006516E8 /* Release */,
			);
			defaultConfigurationIsVisible = 0;
			defaultConfigurationName = Release;
		};
/* End XCConfigurationList section */
	};
	rootObject = 407B0FF321EE4268006516E8 /* Project object */;
}
